
Microsoft Visual Studio Solution File, Format Version 12.00
# Visual Studio Version 16
VisualStudioVersion = 16.0.30114.105
MinimumVisualStudioVersion = 10.0.40219.1
Project("{888888A0-9F3D-457C-B088-3A5042F75D52}") = "mnist.python", "mnist.python\mnist.python.pyproj", "{E1D48DE9-6450-4853-B79C-8E5065A8C975}"
EndProject
Project("{9A19103F-16F7-4668-BE54-9A1E7A4F7556}") = "Mnist.CSharp", "Mnist.CSharp\Mnist.CSharp.csproj", "{AEA0F8C7-D14A-40EC-ABF1-D54D63208A6D}"
EndProject
Project("{2150E333-8FDC-42A3-9474-1A3956D46DE8}") = "Solution Items", "Solution Items", "{05952B18-6A30-40A2-A0E4-F52E15B312B9}"
	ProjectSection(SolutionItems) = preProject
		LICENSE = LICENSE
		README.md = README.md
	EndProjectSection
EndProject
Project("{2150E333-8FDC-42A3-9474-1A3956D46DE8}") = "images", "images", "{8BA1EBF1-ABDC-4F5C-996F-D37A4BEFAB18}"
	ProjectSection(SolutionItems) = preProject
		images\azure0000.png = images\azure0000.png
		images\azure0001.png = images\azure0001.png
		images\azure0002.png = images\azure0002.png
		images\azure0003.png = images\azure0003.png
		images\azure0004.png = images\azure0004.png
		images\azure0005.png = images\azure0005.png
		images\azure0006.png = images\azure0006.png
		images\azure0007.png = images\azure0007.png
		images\azure0008.png = images\azure0008.png
		images\azure0009.png = images\azure0009.png
		images\azure0010.png = images\azure0010.png
		images\azure0011.png = images\azure0011.png
		images\azure0012.png = images\azure0012.png
		images\azure0013.png = images\azure0013.png
		images\azure0014.png = images\azure0014.png
		images\azure0015.png = images\azure0015.png
		images\azure0016.png = images\azure0016.png
		images\azure0017.png = images\azure0017.png
		images\azure0018.png = images\azure0018.png
		images\azure0019.png = images\azure0019.png
		images\azure0020.png = images\azure0020.png
		images\azure0021.png = images\azure0021.png
		images\azure0022.png = images\azure0022.png
		images\azure0023.png = images\azure0023.png
		images\azure0024.png = images\azure0024.png
		images\azure0025.png = images\azure0025.png
		images\azure0026.png = images\azure0026.png
		images\console0001.png = images\console0001.png
		images\console0002.png = images\console0002.png
		images\console0003.png = images\console0003.png
		images\console0004.png = images\console0004.png
		images\console0005.png = images\console0005.png
		images\kojimafujio.jpg = images\kojimafujio.jpg
		images\vs0001.png = images\vs0001.png
		images\vs0002.png = images\vs0002.png
		images\vs0003.png = images\vs0003.png
		images\vs0004.png = images\vs0004.png
		images\vs0005.png = images\vs0005.png
		images\vs0006.png = images\vs0006.png
		images\vs0007.png = images\vs0007.png
		images\vs0008.png = images\vs0008.png
		images\vs0009.png = images\vs0009.png
		images\vs0010.png = images\vs0010.png
	EndProjectSection
EndProject
Global
	GlobalSection(SolutionConfigurationPlatforms) = preSolution
		Debug|Any CPU = Debug|Any CPU
		Release|Any CPU = Release|Any CPU
	EndGlobalSection
	GlobalSection(ProjectConfigurationPlatforms) = postSolution
		{E1D48DE9-6450-4853-B79C-8E5065A8C975}.Debug|Any CPU.ActiveCfg = Debug|Any CPU
		{E1D48DE9-6450-4853-B79C-8E5065A8C975}.Release|Any CPU.ActiveCfg = Release|Any CPU
		{AEA0F8C7-D14A-40EC-ABF1-D54D63208A6D}.Debug|Any CPU.ActiveCfg = Debug|Any CPU
		{AEA0F8C7-D14A-40EC-ABF1-D54D63208A6D}.Debug|Any CPU.Build.0 = Debug|Any CPU
		{AEA0F8C7-D14A-40EC-ABF1-D54D63208A6D}.Release|Any CPU.ActiveCfg = Release|Any CPU
		{AEA0F8C7-D14A-40EC-ABF1-D54D63208A6D}.Release|Any CPU.Build.0 = Release|Any CPU
	EndGlobalSection
	GlobalSection(SolutionProperties) = preSolution
		HideSolutionNode = FALSE
	EndGlobalSection
	GlobalSection(NestedProjects) = preSolution
		{8BA1EBF1-ABDC-4F5C-996F-D37A4BEFAB18} = {05952B18-6A30-40A2-A0E4-F52E15B312B9}
	EndGlobalSection
	GlobalSection(ExtensibilityGlobals) = postSolution
		SolutionGuid = {6114F11E-C6CA-44EE-977A-6A7A9E93BD52}
	EndGlobalSection
EndGlobal
